
Microsoft Visual Studio Solution File, Format Version 12.00
# Visual Studio Version 17
VisualStudioVersion = 17.3.32901.215
MinimumVisualStudioVersion = 10.0.40219.1
Project("{FAE04EC0-301F-11D3-BF4B-00C04F79EFBC}") = "ConsoleApp1", "ConsoleApp1\ConsoleApp1.csproj", "{21BFE2DD-5521-4691-9CB2-86FFD3636F66}"
EndProject
Global
	GlobalSection(SolutionConfigurationPlatforms) = preSolution
		Debug|Any CPU = Debug|Any CPU
		Release|Any CPU = Release|Any CPU
	EndGlobalSection
	GlobalSection(ProjectConfigurationPlatforms) = postSolution
		{21BFE2DD-5521-4691-9CB2-86FFD3636F66}.Debug|Any CPU.ActiveCfg = Debug|Any CPU
		{21BFE2DD-5521-4691-9CB2-86FFD3636F66}.Debug|Any CPU.Build.0 = Debug|Any CPU
		{21BFE2DD-5521-4691-9CB2-86FFD3636F66}.Release|Any CPU.ActiveCfg = Release|Any CPU
		{21BFE2DD-5521-4691-9CB2-86FFD3636F66}.Release|Any CPU.Build.0 = Release|Any CPU
	EndGlobalSection
	GlobalSection(SolutionProperties) = preSolution
		HideSolutionNode = FALSE
	EndGlobalSection
	GlobalSection(ExtensibilityGlobals) = postSolution
		SolutionGuid = {929C9B5A-9E1C-4468-8FB5-B4DD9D36EA74}
	EndGlobalSection
EndGlobal
